Microsoft Visual Studio Solution File, Format Version 12.00
# Visual Studio Version 16
VisualStudioVersion = 16.0.28922.388
MinimumVisualStudioVersion = 10.0.40219.1
Project("{9A19103F-16F7-4668-BE54-9A1E7A4F7556}") = "ADS.ConsoleClient", "ADS.ConsoleClient\ADS.ConsoleClient.csproj", "{5D453EA6-F7FA-4763-A27C-3A1FF6DE4594}"
EndProject
Project("{2150E333-8FDC-42A3-9474-1A3956D46DE8}") = "Tests", "Tests", "{9040F1CB-4ACF-49AA-A55D-1DEB2FD5C714}"
EndProject
Project("{FAE04EC0-301F-11D3-BF4B-00C04F79EFBC}") = "ADS", "ADS\ADS.csproj", "{EBCCDDCD-C64B-4CBC-BC5B-93482CFE9DD1}"
EndProject
Project("{9A19103F-16F7-4668-BE54-9A1E7A4F7556}") = "ADS.UnitTests", "Tests\ADS.UnitTests\ADS.UnitTests.csproj", "{B672361B-F65C-4488-B8DC-58A105BB7792}"
EndProject
Project("{9A19103F-16F7-4668-BE54-9A1E7A4F7556}") = "ADS.SpeedTests", "Tests\ADS.SpeedTests\ADS.SpeedTests.csproj", "{CA555062-BA22-4B01-8100-9E090BCEF964}"
EndProject
Global
	GlobalSection(SolutionConfigurationPlatforms) = preSolution
		Debug|Any CPU = Debug|Any CPU
		Release|Any CPU = Release|Any CPU
	EndGlobalSection
	GlobalSection(ProjectConfigurationPlatforms) = postSolution
		{5D453EA6-F7FA-4763-A27C-3A1FF6DE4594}.Debug|Any CPU.ActiveCfg = Debug|Any CPU
		{5D453EA6-F7FA-4763-A27C-3A1FF6DE4594}.Debug|Any CPU.Build.0 = Debug|Any CPU
		{5D453EA6-F7FA-4763-A27C-3A1FF6DE4594}.Release|Any CPU.ActiveCfg = Release|Any CPU
		{5D453EA6-F7FA-4763-A27C-3A1FF6DE4594}.Release|Any CPU.Build.0 = Release|Any CPU
		{EBCCDDCD-C64B-4CBC-BC5B-93482CFE9DD1}.Debug|Any CPU.ActiveCfg = Debug|Any CPU
		{EBCCDDCD-C64B-4CBC-BC5B-93482CFE9DD1}.Debug|Any CPU.Build.0 = Debug|Any CPU
		{EBCCDDCD-C64B-4CBC-BC5B-93482CFE9DD1}.Release|Any CPU.ActiveCfg = Release|Any CPU
		{EBCCDDCD-C64B-4CBC-BC5B-93482CFE9DD1}.Release|Any CPU.Build.0 = Release|Any CPU
		{B672361B-F65C-4488-B8DC-58A105BB7792}.Debug|Any CPU.ActiveCfg = Debug|Any CPU
		{B672361B-F65C-4488-B8DC-58A105BB7792}.Debug|Any CPU.Build.0 = Debug|Any CPU
		{B672361B-F65C-4488-B8DC-58A105BB7792}.Release|Any CPU.ActiveCfg = Release|Any CPU
		{B672361B-F65C-4488-B8DC-58A105BB7792}.Release|Any CPU.Build.0 = Release|Any CPU
		{CA555062-BA22-4B01-8100-9E090BCEF964}.Debug|Any CPU.ActiveCfg = Debug|Any CPU
		{CA555062-BA22-4B01-8100-9E090BCEF964}.Debug|Any CPU.Build.0 = Debug|Any CPU
		{CA555062-BA22-4B01-8100-9E090BCEF964}.Release|Any CPU.ActiveCfg = Release|Any CPU
		{CA555062-BA22-4B01-8100-9E090BCEF964}.Release|Any CPU.Build.0 = Release|Any CPU
	EndGlobalSection
	GlobalSection(SolutionProperties) = preSolution
		HideSolutionNode = FALSE
	EndGlobalSection
	GlobalSection(NestedProjects) = preSolution
		{B672361B-F65C-4488-B8DC-58A105BB7792} = {9040F1CB-4ACF-49AA-A55D-1DEB2FD5C714}
		{CA555062-BA22-4B01-8100-9E090BCEF964} = {9040F1CB-4ACF-49AA-A55D-1DEB2FD5C714}
	EndGlobalSection
	GlobalSection(ExtensibilityGlobals) = postSolution
		SolutionGuid = {9B6BE877-268B-48E6-B87A-D00736943B99}
	EndGlobalSection
EndGlobal
